
Microsoft Visual Studio Solution File, Format Version 12.00
# Visual Studio 15
Project("{FAE04EC0-301F-11D3-BF4B-00C04F79EFBC}") = "Assembly-CSharp", "Assembly-CSharp.csproj", "{36AA4DBA-A569-F1CA-801E-E6FE9E8A54C6}"
EndProject
Project("{FAE04EC0-301F-11D3-BF4B-00C04F79EFBC}") = "Assembly-CSharp-firstpass", "Assembly-CSharp-firstpass.csproj", "{0714160B-DA35-EC92-8089-B7E5ACAA8CA5}"
EndProject
Project("{FAE04EC0-301F-11D3-BF4B-00C04F79EFBC}") = "Assembly-CSharp-Editor", "Assembly-CSharp-Editor.csproj", "{C75341EA-8293-6F85-36C1-B5021777C88F}"
EndProject
Project("{FAE04EC0-301F-11D3-BF4B-00C04F79EFBC}") = "Assembly-CSharp-Editor-firstpass", "Assembly-CSharp-Editor-firstpass.csproj", "{C9C50954-5BF2-C2F0-857B-3AB59F9546CD}"
EndProject
Global
	GlobalSection(SolutionConfigurationPlatforms) = preSolution
		Debug|Any CPU = Debug|Any CPU
		Release|Any CPU = Release|Any CPU
	EndGlobalSection
	GlobalSection(ProjectConfigurationPlatforms) = postSolution
		{36AA4DBA-A569-F1CA-801E-E6FE9E8A54C6}.Debug|Any CPU.ActiveCfg = Debug|Any CPU
		{36AA4DBA-A569-F1CA-801E-E6FE9E8A54C6}.Debug|Any CPU.Build.0 = Debug|Any CPU
		{36AA4DBA-A569-F1CA-801E-E6FE9E8A54C6}.Release|Any CPU.ActiveCfg = Release|Any CPU
		{36AA4DBA-A569-F1CA-801E-E6FE9E8A54C6}.Release|Any CPU.Build.0 = Release|Any CPU
		{0714160B-DA35-EC92-8089-B7E5ACAA8CA5}.Debug|Any CPU.ActiveCfg = Debug|Any CPU
		{0714160B-DA35-EC92-8089-B7E5ACAA8CA5}.Debug|Any CPU.Build.0 = Debug|Any CPU
		{0714160B-DA35-EC92-8089-B7E5ACAA8CA5}.Release|Any CPU.ActiveCfg = Release|Any CPU
		{0714160B-DA35-EC92-8089-B7E5ACAA8CA5}.Release|Any CPU.Build.0 = Release|Any CPU
		{C75341EA-8293-6F85-36C1-B5021777C88F}.Debug|Any CPU.ActiveCfg = Debug|Any CPU
		{C75341EA-8293-6F85-36C1-B5021777C88F}.Debug|Any CPU.Build.0 = Debug|Any CPU
		{C75341EA-8293-6F85-36C1-B5021777C88F}.Release|Any CPU.ActiveCfg = Release|Any CPU
		{C75341EA-8293-6F85-36C1-B5021777C88F}.Release|Any CPU.Build.0 = Release|Any CPU
		{C9C50954-5BF2-C2F0-857B-3AB59F9546CD}.Debug|Any CPU.ActiveCfg = Debug|Any CPU
		{C9C50954-5BF2-C2F0-857B-3AB59F9546CD}.Debug|Any CPU.Build.0 = Debug|Any CPU
		{C9C50954-5BF2-C2F0-857B-3AB59F9546CD}.Release|Any CPU.ActiveCfg = Release|Any CPU
		{C9C50954-5BF2-C2F0-857B-3AB59F9546CD}.Release|Any CPU.Build.0 = Release|Any CPU
	EndGlobalSection
	GlobalSection(SolutionProperties) = preSolution
		HideSolutionNode = FALSE
	EndGlobalSection
EndGlobal
